// !$*UTF8*$!
{
	archiveVersion = 1;
	classes = {
	};
	objectVersion = 55;
	objects = {

/* Begin PBXBuildFile section */
		5B0E7EC627C3F0FA00F9AE2B /* PortfolioViewController.swift in Sources */ = {isa = PBXBuildFile; fileRef = 5B0E7EC527C3F0FA00F9AE2B /* PortfolioViewController.swift */; };
		5B9E433527BFE3840002308B /* AppDelegate.swift in Sources */ = {isa = PBXBuildFile; fileRef = 5B9E433427BFE3840002308B /* AppDelegate.swift */; };
		5B9E433727BFE3840002308B /* SceneDelegate.swift in Sources */ = {isa = PBXBuildFile; fileRef = 5B9E433627BFE3840002308B /* SceneDelegate.swift */; };
		5B9E433927BFE3840002308B /* LoginViewController.swift in Sources */ = {isa = PBXBuildFile; fileRef = 5B9E433827BFE3840002308B /* LoginViewController.swift */; };
		5B9E433C27BFE3840002308B /* Main.storyboard in Resources */ = {isa = PBXBuildFile; fileRef = 5B9E433A27BFE3840002308B /* Main.storyboard */; };
		5B9E433E27BFE3850002308B /* Assets.xcassets in Resources */ = {isa = PBXBuildFile; fileRef = 5B9E433D27BFE3850002308B /* Assets.xcassets */; };
		5B9E434127BFE3850002308B /* LaunchScreen.storyboard in Resources */ = {isa = PBXBuildFile; fileRef = 5B9E433F27BFE3850002308B /* LaunchScreen.storyboard */; };
		5B9E434E27C004A60002308B /* User.swift in Sources */ = {isa = PBXBuildFile; fileRef = 5B9E434D27C004A60002308B /* User.swift */; };
		5B9E435027C11ED40002308B /* WelcomeViewController.swift in Sources */ = {isa = PBXBuildFile; fileRef = 5B9E434F27C11ED40002308B /* WelcomeViewController.swift */; };
		5B9E435227C11EEF0002308B /* UserInfoViewController.swift in Sources */ = {isa = PBXBuildFile; fileRef = 5B9E435127C11EEF0002308B /* UserInfoViewController.swift */; };
		5B9E435427C11F070002308B /* ImageViewController.swift in Sources */ = {isa = PBXBuildFile; fileRef = 5B9E435327C11F070002308B /* ImageViewController.swift */; };
/* End PBXBuildFile section */

/* Begin PBXFileReference section */
		5B0E7EC527C3F0FA00F9AE2B /* PortfolioViewController.swift */ = {isa = PBXFileReference; lastKnownFileType = sourcecode.swift; path = PortfolioViewController.swift; sourceTree = "<group>"; };
		5B9E433127BFE3840002308B /* LoginApp2.app */ = {isa = PBXFileReference; explicitFileType = wrapper.application; includeInIndex = 0; path = LoginApp2.app; sourceTree = BUILT_PRODUCTS_DIR; };
		5B9E433427BFE3840002308B /* AppDelegate.swift */ = {isa = PBXFileReference; lastKnownFileType = sourcecode.swift; path = AppDelegate.swift; sourceTree = "<group>"; };
		5B9E433627BFE3840002308B /* SceneDelegate.swift */ = {isa = PBXFileReference; lastKnownFileType = sourcecode.swift; path = SceneDelegate.swift; sourceTree = "<group>"; };
		5B9E433827BFE3840002308B /* LoginViewController.swift */ = {isa = PBXFileReference; lastKnownFileType = sourcecode.swift; path = LoginViewController.swift; sourceTree = "<group>"; };
		5B9E433B27BFE3840002308B /* Base */ = {isa = PBXFileReference; lastKnownFileType = file.storyboard; name = Base; path = Base.lproj/Main.storyboard; sourceTree = "<group>"; };
		5B9E433D27BFE3850002308B /* Assets.xcassets */ = {isa = PBXFileReference; lastKnownFileType = folder.assetcatalog; path = Assets.xcassets; sourceTree = "<group>"; };
		5B9E434027BFE3850002308B /* Base */ = {isa = PBXFileReference; lastKnownFileType = file.storyboard; name = Base; path = Base.lproj/LaunchScreen.storyboard; sourceTree = "<group>"; };
		5B9E434227BFE3850002308B /* Info.plist */ = {isa = PBXFileReference; lastKnownFileType = text.plist.xml; path = Info.plist; sourceTree = "<group>"; };
		5B9E434D27C004A60002308B /* User.swift */ = {isa = PBXFileReference; lastKnownFileType = sourcecode.swift; path = User.swift; sourceTree = "<group>"; };
		5B9E434F27C11ED40002308B /* WelcomeViewController.swift */ = {isa = PBXFileReference; lastKnownFileType = sourcecode.swift; path = WelcomeViewController.swift; sourceTree = "<group>"; };
		5B9E435127C11EEF0002308B /* UserInfoViewController.swift */ = {isa = PBXFileReference; lastKnownFileType = sourcecode.swift; path = UserInfoViewController.swift; sourceTree = "<group>"; };
		5B9E435327C11F070002308B /* ImageViewController.swift */ = {isa = PBXFileReference; lastKnownFileType = sourcecode.swift; path = ImageViewController.swift; sourceTree = "<group>"; };
/* End PBXFileReference section */

/* Begin PBXFrameworksBuildPhase section */
		5B9E432E27BFE3840002308B /* Frameworks */ = {
			isa = PBXFrameworksBuildPhase;
			buildActionMask = 2147483647;
			files = (
			);
			runOnlyForDeploymentPostprocessing = 0;
		};
/* End PBXFrameworksBuildPhase section */

/* Begin PBXGroup section */
		5B9E432827BFE3840002308B = {
			isa = PBXGroup;
			children = (
				5B9E433327BFE3840002308B /* LoginApp2 */,
				5B9E433227BFE3840002308B /* Products */,
			);
			sourceTree = "<group>";
		};
		5B9E433227BFE3840002308B /* Products */ = {
			isa = PBXGroup;
			children = (
				5B9E433127BFE3840002308B /* LoginApp2.app */,
			);
			name = Products;
			sourceTree = "<group>";
		};
		5B9E433327BFE3840002308B /* LoginApp2 */ = {
			isa = PBXGroup;
			children = (
				5B9E434B27C001B30002308B /* ViewControllers */,
				5B9E434C27C002400002308B /* Molels */,
				5B9E434827BFFF7F0002308B /* Storyboardes */,
				5B9E434927C000210002308B /* Resources */,
				5B9E434A27C000E50002308B /* App */,
			);
			path = LoginApp2;
			sourceTree = "<group>";
		};
		5B9E434827BFFF7F0002308B /* Storyboardes */ = {
			isa = PBXGroup;
			children = (
				5B9E433A27BFE3840002308B /* Main.storyboard */,
				5B9E433F27BFE3850002308B /* LaunchScreen.storyboard */,
			);
			path = Storyboardes;
			sourceTree = "<group>";
		};
		5B9E434927C000210002308B /* Resources */ = {
			isa = PBXGroup;
			children = (
				5B9E433D27BFE3850002308B /* Assets.xcassets */,
			);
			path = Resources;
			sourceTree = "<group>";
		};
		5B9E434A27C000E50002308B /* App */ = {
			isa = PBXGroup;
			children = (
				5B9E433427BFE3840002308B /* AppDelegate.swift */,
				5B9E433627BFE3840002308B /* SceneDelegate.swift */,
				5B9E434227BFE3850002308B /* Info.plist */,
			);
			path = App;
			sourceTree = "<group>";
		};
		5B9E434B27C001B30002308B /* ViewControllers */ = {
			isa = PBXGroup;
			children = (
				5B9E433827BFE3840002308B /* LoginViewController.swift */,
				5B9E434F27C11ED40002308B /* WelcomeViewController.swift */,
				5B9E435127C11EEF0002308B /* UserInfoViewController.swift */,
				5B9E435327C11F070002308B /* ImageViewController.swift */,
				5B0E7EC527C3F0FA00F9AE2B /* PortfolioViewController.swift */,
			);
			path = ViewControllers;
			sourceTree = "<group>";
		};
		5B9E434C27C002400002308B /* Molels */ = {
			isa = PBXGroup;
			children = (
				5B9E434D27C004A60002308B /* User.swift */,
			);
			path = Molels;
			sourceTree = "<group>";
		};
/* End PBXGroup section */

/* Begin PBXNativeTarget section */
		5B9E433027BFE3840002308B /* LoginApp2 */ = {
			isa = PBXNativeTarget;
			buildConfigurationList = 5B9E434527BFE3850002308B /* Build configuration list for PBXNativeTarget "LoginApp2" */;
			buildPhases = (
				5B9E432D27BFE3840002308B /* Sources */,
				5B9E432E27BFE3840002308B /* Frameworks */,
				5B9E432F27BFE3840002308B /* Resources */,
			);
			buildRules = (
			);
			dependencies = (
			);
			name = LoginApp2;
			productName = LoginApp2;
			productReference = 5B9E433127BFE3840002308B /* LoginApp2.app */;
			productType = "com.apple.product-type.application";
		};
/* End PBXNativeTarget section */

/* Begin PBXProject section */
		5B9E432927BFE3840002308B /* Project object */ = {
			isa = PBXProject;
			attributes = {
				BuildIndependentTargetsInParallel = 1;
				LastSwiftUpdateCheck = 1320;
				LastUpgradeCheck = 1320;
				TargetAttributes = {
					5B9E433027BFE3840002308B = {
						CreatedOnToolsVersion = 13.2.1;
					};
				};
			};
			buildConfigurationList = 5B9E432C27BFE3840002308B /* Build configuration list for PBXProject "LoginApp2" */;
			compatibilityVersion = "Xcode 13.0";
			developmentRegion = en;
			hasScannedForEncodings = 0;
			knownRegions = (
				en,
				Base,
			);
			mainGroup = 5B9E432827BFE3840002308B;
			productRefGroup = 5B9E433227BFE3840002308B /* Products */;
			projectDirPath = "";
			projectRoot = "";
			targets = (
				5B9E433027BFE3840002308B /* LoginApp2 */,
			);
		};
/* End PBXProject section */

/* Begin PBXResourcesBuildPhase section */
		5B9E432F27BFE3840002308B /* Resources */ = {
			isa = PBXResourcesBuildPhase;
			buildActionMask = 2147483647;
			files = (
				5B9E434127BFE3850002308B /* LaunchScreen.storyboard in Resources */,
				5B9E433E27BFE3850002308B /* Assets.xcassets in Resources */,
				5B9E433C27BFE3840002308B /* Main.storyboard in Resources */,
			);
			runOnlyForDeploymentPostprocessing = 0;
		};
/* End PBXResourcesBuildPhase section */

/* Begin PBXSourcesBuildPhase section */
		5B9E432D27BFE3840002308B /* Sources */ = {
			isa = PBXSourcesBuildPhase;
			buildActionMask = 2147483647;
			files = (
				5B9E433927BFE3840002308B /* LoginViewController.swift in Sources */,
				5B9E435227C11EEF0002308B /* UserInfoViewController.swift in Sources */,
				5B9E435027C11ED40002308B /* WelcomeViewController.swift in Sources */,
				5B9E435427C11F070002308B /* ImageViewController.swift in Sources */,
				5B9E434E27C004A60002308B /* User.swift in Sources */,
				5B0E7EC627C3F0FA00F9AE2B /* PortfolioViewController.swift in Sources */,
				5B9E433527BFE3840002308B /* AppDelegate.swift in Sources */,
				5B9E433727BFE3840002308B /* SceneDelegate.swift in Sources */,
			);
			runOnlyForDeploymentPostprocessing = 0;
		};
/* End PBXSourcesBuildPhase section */

/* Begin PBXVariantGroup section */
		5B9E433A27BFE3840002308B /* Main.storyboard */ = {
			isa = PBXVariantGroup;
			children = (
				5B9E433B27BFE3840002308B /* Base */,
			);
			name = Main.storyboard;
			sourceTree = "<group>";
		};
		5B9E433F27BFE3850002308B /* LaunchScreen.storyboard */ = {
			isa = PBXVariantGroup;
			children = (
				5B9E434027BFE3850002308B /* Base */,
			);
			name = LaunchScreen.storyboard;
			sourceTree = "<group>";
		};
/* End PBXVariantGroup section */

/* Begin XCBuildConfiguration section */
		5B9E434327BFE3850002308B /* Debug */ = {
			isa = XCBuildConfiguration;
			buildSettings = {
				ALWAYS_SEARCH_USER_PATHS = NO;
				CLANG_ANALYZER_NONNULL = YES;
				CLANG_ANALYZER_NUMBER_OBJECT_CONVERSION = YES_AGGRESSIVE;
				CLANG_CXX_LANGUAGE_STANDARD = "gnu++17";
				CLANG_CXX_LIBRARY = "libc++";
				CLANG_ENABLE_MODULES = YES;
				CLANG_ENABLE_OBJC_ARC = YES;
				CLANG_ENABLE_OBJC_WEAK = YES;
				CLANG_WARN_BLOCK_CAPTURE_AUTORELEASING = YES;
				CLANG_WARN_BOOL_CONVERSION = YES;
				CLANG_WARN_COMMA = YES;
				CLANG_WARN_CONSTANT_CONVERSION = YES;
				CLANG_WARN_DEPRECATED_OBJC_IMPLEMENTATIONS = YES;
				CLANG_WARN_DIRECT_OBJC_ISA_USAGE = YES_ERROR;
				CLANG_WARN_DOCUMENTATION_COMMENTS = YES;
				CLANG_WARN_EMPTY_BODY = YES;
				CLANG_WARN_ENUM_CONVERSION = YES;
				CLANG_WARN_INFINITE_RECURSION = YES;
				CLANG_WARN_INT_CONVERSION = YES;
				CLANG_WARN_NON_LITERAL_NULL_CONVERSION = YES;
				CLANG_WARN_OBJC_IMPLICIT_RETAIN_SELF = YES;
				CLANG_WARN_OBJC_LITERAL_CONVERSION = YES;
				CLANG_WARN_OBJC_ROOT_CLASS = YES_ERROR;
				CLANG_WARN_QUOTED_INCLUDE_IN_FRAMEWORK_HEADER = YES;
				CLANG_WARN_RANGE_LOOP_ANALYSIS = YES;
				CLANG_WARN_STRICT_PROTOTYPES = YES;
				CLANG_WARN_SUSPICIOUS_MOVE = YES;
				CLANG_WARN_UNGUARDED_AVAILABILITY = YES_AGGRESSIVE;
				CLANG_WARN_UNREACHABLE_CODE = YES;
				CLANG_WARN__DUPLICATE_METHOD_MATCH = YES;
				COPY_PHASE_STRIP = NO;
				DEBUG_INFORMATION_FORMAT = dwarf;
				ENABLE_STRICT_OBJC_MSGSEND = YES;
				ENABLE_TESTABILITY = YES;
				GCC_C_LANGUAGE_STANDARD = gnu11;
				GCC_DYNAMIC_NO_PIC = NO;
				GCC_NO_COMMON_BLOCKS = YES;
				GCC_OPTIMIZATION_LEVEL = 0;
				GCC_PREPROCESSOR_DEFINITIONS = (
					"DEBUG=1",
					"$(inherited)",
				);
				GCC_WARN_64_TO_32_BIT_CONVERSION = YES;
				GCC_WARN_ABOUT_RETURN_TYPE = YES_ERROR;
				GCC_WARN_UNDECLARED_SELECTOR = YES;
				GCC_WARN_UNINITIALIZED_AUTOS = YES_AGGRESSIVE;
				GCC_WARN_UNUSED_FUNCTION = YES;
				GCC_WARN_UNUSED_VARIABLE = YES;
				IPHONEOS_DEPLOYMENT_TARGET = 15.2;
				MTL_ENABLE_DEBUG_INFO = INCLUDE_SOURCE;
				MTL_FAST_MATH = YES;
				ONLY_ACTIVE_ARCH = YES;
				SDKROOT = iphoneos;
				SWIFT_ACTIVE_COMPILATION_CONDITIONS = DEBUG;
				SWIFT_OPTIMIZATION_LEVEL = "-Onone";
			};
			name = Debug;
		};
		5B9E434427BFE3850002308B /* Release */ = {
			isa = XCBuildConfiguration;
			buildSettings = {
				ALWAYS_SEARCH_USER_PATHS = NO;
				CLANG_ANALYZER_NONNULL = YES;
				CLANG_ANALYZER_NUMBER_OBJECT_CONVERSION = YES_AGGRESSIVE;
				CLANG_CXX_LANGUAGE_STANDARD = "gnu++17";
				CLANG_CXX_LIBRARY = "libc++";
				CLANG_ENABLE_MODULES = YES;
				CLANG_ENABLE_OBJC_ARC = YES;
				CLANG_ENABLE_OBJC_WEAK = YES;
				CLANG_WARN_BLOCK_CAPTURE_AUTORELEASING = YES;
				CLANG_WARN_BOOL_CONVERSION = YES;
				CLANG_WARN_COMMA = YES;
				CLANG_WARN_CONSTANT_CONVERSION = YES;
				CLANG_WARN_DEPRECATED_OBJC_IMPLEMENTATIONS = YES;
				CLANG_WARN_DIRECT_OBJC_ISA_USAGE = YES_ERROR;
				CLANG_WARN_DOCUMENTATION_COMMENTS = YES;
				CLANG_WARN_EMPTY_BODY = YES;
				CLANG_WARN_ENUM_CONVERSION = YES;
				CLANG_WARN_INFINITE_RECURSION = YES;
				CLANG_WARN_INT_CONVERSION = YES;
				CLANG_WARN_NON_LITERAL_NULL_CONVERSION = YES;
				CLANG_WARN_OBJC_IMPLICIT_RETAIN_SELF = YES;
				CLANG_WARN_OBJC_LITERAL_CONVERSION = YES;
				CLANG_WARN_OBJC_ROOT_CLASS = YES_ERROR;
				CLANG_WARN_QUOTED_INCLUDE_IN_FRAMEWORK_HEADER = YES;
				CLANG_WARN_RANGE_LOOP_ANALYSIS = YES;
				CLANG_WARN_STRICT_PROTOTYPES = YES;
				CLANG_WARN_SUSPICIOUS_MOVE = YES;
				CLANG_WARN_UNGUARDED_AVAILABILITY = YES_AGGRESSIVE;
				CLANG_WARN_UNREACHABLE_CODE = YES;
				CLANG_WARN__DUPLICATE_METHOD_MATCH = YES;
				COPY_PHASE_STRIP = NO;
				DEBUG_INFORMATION_FORMAT = "dwarf-with-dsym";
				ENABLE_NS_ASSERTIONS = NO;
				ENABLE_STRICT_OBJC_MSGSEND = YES;
				GCC_C_LANGUAGE_STANDARD = gnu11;
				GCC_NO_COMMON_BLOCKS = YES;
				GCC_WARN_64_TO_32_BIT_CONVERSION = YES;
				GCC_WARN_ABOUT_RETURN_TYPE = YES_ERROR;
				GCC_WARN_UNDECLARED_SELECTOR = YES;
				GCC_WARN_UNINITIALIZED_AUTOS = YES_AGGRESSIVE;
				GCC_WARN_UNUSED_FUNCTION = YES;
				GCC_WARN_UNUSED_VARIABLE = YES;
				IPHONEOS_DEPLOYMENT_TARGET = 15.2;
				MTL_ENABLE_DEBUG_INFO = NO;
				MTL_FAST_MATH = YES;
				SDKROOT = iphoneos;
				SWIFT_COMPILATION_MODE = wholemodule;
				SWIFT_OPTIMIZATION_LEVEL = "-O";
				VALIDATE_PRODUCT = YES;
			};
			name = Release;
		};
		5B9E434627BFE3850002308B /* Debug */ = {
			isa = XCBuildConfiguration;
			buildSettings = {
				ASSETCATALOG_COMPILER_APPICON_NAME = AppIcon;
				ASSETCATALOG_COMPILER_GLOBAL_ACCENT_COLOR_NAME = AccentColor;
				ASSETCATALOG_COMPILER_INCLUDE_ALL_APPICON_ASSETS = NO;
				CODE_SIGN_STYLE = Automatic;
				CURRENT_PROJECT_VERSION = 1;
				DEVELOPMENT_TEAM = G4TVTH2H92;
				GENERATE_INFOPLIST_FILE = YES;
				INFOPLIST_FILE = LoginApp2/App/Info.plist;
				INFOPLIST_KEY_UIApplicationSupportsIndirectInputEvents = YES;
				INFOPLIST_KEY_UILaunchStoryboardName = LaunchScreen;
				INFOPLIST_KEY_UIMainStoryboardFile = Main;
				INFOPLIST_KEY_UISupportedInterfaceOrientations_iPad = "UIInterfaceOrientationPortrait UIInterfaceOrientationPortraitUpsideDown UIInterfaceOrientationLandscapeLeft UIInterfaceOrientationLandscapeRight";
				INFOPLIST_KEY_UISupportedInterfaceOrientations_iPhone = "UIInterfaceOrientationPortrait UIInterfaceOrientationLandscapeLeft UIInterfaceOrientationLandscapeRight";
				LD_RUNPATH_SEARCH_PATHS = (
					"$(inherited)",
					"@executable_path/Frameworks",
				);
				MARKETING_VERSION = 1.0;
				PRODUCT_BUNDLE_IDENTIFIER = A.Ukolov.LoginApp2;
				PRODUCT_NAME = "$(TARGET_NAME)";
				SWIFT_EMIT_LOC_STRINGS = YES;
				SWIFT_VERSION = 5.0;
				TARGETED_DEVICE_FAMILY = 1;
			};
			name = Debug;
		};
		5B9E434727BFE3850002308B /* Release */ = {
			isa = XCBuildConfiguration;
			buildSettings = {
				ASSETCATALOG_COMPILER_APPICON_NAME = AppIcon;
				ASSETCATALOG_COMPILER_GLOBAL_ACCENT_COLOR_NAME = AccentColor;
				ASSETCATALOG_COMPILER_INCLUDE_ALL_APPICON_ASSETS = NO;
				CODE_SIGN_STYLE = Automatic;
				CURRENT_PROJECT_VERSION = 1;
				DEVELOPMENT_TEAM = G4TVTH2H92;
				GENERATE_INFOPLIST_FILE = YES;
				INFOPLIST_FILE = LoginApp2/App/Info.plist;
				INFOPLIST_KEY_UIApplicationSupportsIndirectInputEvents = YES;
				INFOPLIST_KEY_UILaunchStoryboardName = LaunchScreen;
				INFOPLIST_KEY_UIMainStoryboardFile = Main;
				INFOPLIST_KEY_UISupportedInterfaceOrientations_iPad = "UIInterfaceOrientationPortrait UIInterfaceOrientationPortraitUpsideDown UIInterfaceOrientationLandscapeLeft UIInterfaceOrientationLandscapeRight";
				INFOPLIST_KEY_UISupportedInterfaceOrientations_iPhone = "UIInterfaceOrientationPortrait UIInterfaceOrientationLandscapeLeft UIInterfaceOrientationLandscapeRight";
				LD_RUNPATH_SEARCH_PATHS = (
					"$(inherited)",
					"@executable_path/Frameworks",
				);
				MARKETING_VERSION = 1.0;
				PRODUCT_BUNDLE_IDENTIFIER = A.Ukolov.LoginApp2;
				PRODUCT_NAME = "$(TARGET_NAME)";
				SWIFT_EMIT_LOC_STRINGS = YES;
				SWIFT_VERSION = 5.0;
				TARGETED_DEVICE_FAMILY = 1;
			};
			name = Release;
		};
/* End XCBuildConfiguration section */

/* Begin XCConfigurationList section */
		5B9E432C27BFE3840002308B /* Build configuration list for PBXProject "LoginApp2" */ = {
			isa = XCConfigurationList;
			buildConfigurations = (
				5B9E434327BFE3850002308B /* Debug */,
				5B9E434427BFE3850002308B /* Release */,
			);
			defaultConfigurationIsVisible = 0;
			defaultConfigurationName = Release;
		};
		5B9E434527BFE3850002308B /* Build configuration list for PBXNativeTarget "LoginApp2" */ = {
			isa = XCConfigurationList;
			buildConfigurations = (
				5B9E434627BFE3850002308B /* Debug */,
				5B9E434727BFE3850002308B /* Release */,
			);
			defaultConfigurationIsVisible = 0;
			defaultConfigurationName = Release;
		};
/* End XCConfigurationList section */
	};
	rootObject = 5B9E432927BFE3840002308B /* Project object */;
}
